{
  "name": "platform-example",
  "version": "1.0.0",
  "lockfileVersion": 3,
  "requires": true,
  "packages": {
    "": {
      "name": "platform-example",
      "version": "1.0.0",
      "license": "ISC",
      "workspaces": [
        "packages/wms"
      ],
      "dependencies": {
        "dc-ts": "^0.0.9-unstable",
        "uuid": "^11.1.0"
      }
    },
    "node_modules/@sinclair/typebox": {
      "version": "0.34.29",
      "resolved": "https://registry.npmjs.org/@sinclair/typebox/-/typebox-0.34.29.tgz",
      "integrity": "sha512-xTzI0LlHZ0eahKuN+2R+yJbEIUyV/ZSdtqvR3sHukgN56nvCW1tz+Yr6fQ6/7+WJ34AhaU9ZmYcHXv8xgj2Lvg==",
      "license": "MIT"
    },
    "node_modules/dc-ts": {
      "version": "0.0.9-unstable",
      "resolved": "https://registry.npmjs.org/dc-ts/-/dc-ts-0.0.9-unstable.tgz",
      "integrity": "sha512-NblICyRSYhXFtLSwrq0er42PhU0H72CnAJ2gtuE4O4YGqSPuylKqVi3bYZZVKwhB3HLC3aA/ME+2/F5AzcxP6w==",
      "license": "ISC",
      "dependencies": {
        "@sinclair/typebox": "^0.34.28",
        "rxjs": "^7.8.2",
        "uuid": "^11.1.0"
      }
    },
    "node_modules/rxjs": {
      "version": "7.8.2",
      "resolved": "https://registry.npmjs.org/rxjs/-/rxjs-7.8.2.tgz",
      "integrity": "sha512-dhKf903U/PQZY6boNNtAGdWbG85WAbjT/1xYoZIC7FAY0yWapOBQVsVrDl58W86//e1VpMNBtRV4MaXfdMySFA==",
      "license": "Apache-2.0",
      "dependencies": {
        "tslib": "^2.1.0"
      }
    },
    "node_modules/tslib": {
      "version": "2.8.1",
      "resolved": "https://registry.npmjs.org/tslib/-/tslib-2.8.1.tgz",
      "integrity": "sha512-oJFu94HQb+KVduSUQL7wnpmqnfmLsOA/nAh6b6EH0wCEoK0/mPeXU6c3wKDV83MkOuHPRHtSXKKU99IBazS/2w==",
      "license": "0BSD"
    },
    "node_modules/uuid": {
      "version": "11.1.0",
      "resolved": "https://registry.npmjs.org/uuid/-/uuid-11.1.0.tgz",
      "integrity": "sha512-0/A9rDy9P7cJ+8w1c9WD9V//9Wj15Ce2MPz8Ri6032usz+NfePxx5AcN3bN+r6ZL6jEo066/yNYB3tn4pQEx+A==",
      "funding": [
        "https://github.com/sponsors/broofa",
        "https://github.com/sponsors/ctavan"
      ],
      "license": "MIT",
      "bin": {
        "uuid": "dist/esm/bin/uuid"
      }
    },
    "node_modules/wms": {
      "resolved": "packages/wms",
      "link": true
    },
    "packages/wms": {
      "version": "1.0.0",
      "license": "ISC"
    }
  }
}
